
Microsoft Visual Studio Solution File, Format Version 10.00
# Visual C++ Express 2008
Project("{8BC9CEB8-8B4A-11D0-8D11-00A0C91BC942}") = "libfcrypto", "libfcrypto\libfcrypto.vcproj", "{C6800C6F-AE7E-4AD8-9159-60D592237AD2}"
	ProjectSection(ProjectDependencies) = postProject
		{F6598387-B641-4A8B-93F2-BAD69F77D440} = {F6598387-B641-4A8B-93F2-BAD69F77D440}
	EndProjectSection
EndProject
Project("{8BC9CEB8-8B4A-11D0-8D11-00A0C91BC942}") = "fcrypto_test_des3_context", "fcrypto_test_des3_context\fcrypto_test_des3_context.vcproj", "{84A51B94-180C-4A0B-A50C-A1DC5701E168}"
	ProjectSection(ProjectDependencies) = postProject
		{C6800C6F-AE7E-4AD8-9159-60D592237AD2} = {C6800C6F-AE7E-4AD8-9159-60D592237AD2}
		{F6598387-B641-4A8B-93F2-BAD69F77D440} = {F6598387-B641-4A8B-93F2-BAD69F77D440}
	EndProjectSection
EndProject
Project("{8BC9CEB8-8B4A-11D0-8D11-00A0C91BC942}") = "fcrypto_test_error", "fcrypto_test_error\fcrypto_test_error.vcproj", "{07BE35F5-F1FE-4197-819E-3B2BD576F755}"
	ProjectSection(ProjectDependencies) = postProject
		{C6800C6F-AE7E-4AD8-9159-60D592237AD2} = {C6800C6F-AE7E-4AD8-9159-60D592237AD2}
	EndProjectSection
EndProject
Project("{8BC9CEB8-8B4A-11D0-8D11-00A0C91BC942}") = "fcrypto_test_rc4_context", "fcrypto_test_rc4_context\fcrypto_test_rc4_context.vcproj", "{935D1E68-11A2-4AD4-B7DD-735CEFB00314}"
	ProjectSection(ProjectDependencies) = postProject
		{C6800C6F-AE7E-4AD8-9159-60D592237AD2} = {C6800C6F-AE7E-4AD8-9159-60D592237AD2}
		{F6598387-B641-4A8B-93F2-BAD69F77D440} = {F6598387-B641-4A8B-93F2-BAD69F77D440}
	EndProjectSection
EndProject
Project("{8BC9CEB8-8B4A-11D0-8D11-00A0C91BC942}") = "fcrypto_test_serpent_context", "fcrypto_test_serpent_context\fcrypto_test_serpent_context.vcproj", "{09B8DA6D-7AFA-4364-8FC3-4F11DE91965F}"
	ProjectSection(ProjectDependencies) = postProject
		{C6800C6F-AE7E-4AD8-9159-60D592237AD2} = {C6800C6F-AE7E-4AD8-9159-60D592237AD2}
		{F6598387-B641-4A8B-93F2-BAD69F77D440} = {F6598387-B641-4A8B-93F2-BAD69F77D440}
	EndProjectSection
EndProject
Project("{8BC9CEB8-8B4A-11D0-8D11-00A0C91BC942}") = "fcrypto_test_support", "fcrypto_test_support\fcrypto_test_support.vcproj", "{F444C7D9-26E0-49F7-AE7C-0FECAB6182DF}"
	ProjectSection(ProjectDependencies) = postProject
		{C6800C6F-AE7E-4AD8-9159-60D592237AD2} = {C6800C6F-AE7E-4AD8-9159-60D592237AD2}
	EndProjectSection
EndProject
Project("{8BC9CEB8-8B4A-11D0-8D11-00A0C91BC942}") = "pyfcrypto", "pyfcrypto\pyfcrypto.vcproj", "{59FA0B65-C738-49EC-BD65-963C4DEFEDE2}"
	ProjectSection(ProjectDependencies) = postProject
		{F6598387-B641-4A8B-93F2-BAD69F77D440} = {F6598387-B641-4A8B-93F2-BAD69F77D440}
		{C6800C6F-AE7E-4AD8-9159-60D592237AD2} = {C6800C6F-AE7E-4AD8-9159-60D592237AD2}
	EndProjectSection
EndProject
Project("{8BC9CEB8-8B4A-11D0-8D11-00A0C91BC942}") = "libcerror", "libcerror\libcerror.vcproj", "{F6598387-B641-4A8B-93F2-BAD69F77D440}"
EndProject
Global
	GlobalSection(SolutionConfigurationPlatforms) = preSolution
		Release|Win32 = Release|Win32
		VSDebug|Win32 = VSDebug|Win32
	EndGlobalSection
	GlobalSection(ProjectConfigurationPlatforms) = postSolution
		{C6800C6F-AE7E-4AD8-9159-60D592237AD2}.Release|Win32.ActiveCfg = Release|Win32
		{C6800C6F-AE7E-4AD8-9159-60D592237AD2}.Release|Win32.Build.0 = Release|Win32
		{C6800C6F-AE7E-4AD8-9159-60D592237AD2}.VSDebug|Win32.ActiveCfg = VSDebug|Win32
		{C6800C6F-AE7E-4AD8-9159-60D592237AD2}.VSDebug|Win32.Build.0 = VSDebug|Win32
		{84A51B94-180C-4A0B-A50C-A1DC5701E168}.Release|Win32.ActiveCfg = Release|Win32
		{84A51B94-180C-4A0B-A50C-A1DC5701E168}.Release|Win32.Build.0 = Release|Win32
		{84A51B94-180C-4A0B-A50C-A1DC5701E168}.VSDebug|Win32.ActiveCfg = VSDebug|Win32
		{84A51B94-180C-4A0B-A50C-A1DC5701E168}.VSDebug|Win32.Build.0 = VSDebug|Win32
		{07BE35F5-F1FE-4197-819E-3B2BD576F755}.Release|Win32.ActiveCfg = Release|Win32
		{07BE35F5-F1FE-4197-819E-3B2BD576F755}.Release|Win32.Build.0 = Release|Win32
		{07BE35F5-F1FE-4197-819E-3B2BD576F755}.VSDebug|Win32.ActiveCfg = VSDebug|Win32
		{07BE35F5-F1FE-4197-819E-3B2BD576F755}.VSDebug|Win32.Build.0 = VSDebug|Win32
		{935D1E68-11A2-4AD4-B7DD-735CEFB00314}.Release|Win32.ActiveCfg = Release|Win32
		{935D1E68-11A2-4AD4-B7DD-735CEFB00314}.Release|Win32.Build.0 = Release|Win32
		{935D1E68-11A2-4AD4-B7DD-735CEFB00314}.VSDebug|Win32.ActiveCfg = VSDebug|Win32
		{935D1E68-11A2-4AD4-B7DD-735CEFB00314}.VSDebug|Win32.Build.0 = VSDebug|Win32
		{09B8DA6D-7AFA-4364-8FC3-4F11DE91965F}.Release|Win32.ActiveCfg = Release|Win32
		{09B8DA6D-7AFA-4364-8FC3-4F11DE91965F}.Release|Win32.Build.0 = Release|Win32
		{09B8DA6D-7AFA-4364-8FC3-4F11DE91965F}.VSDebug|Win32.ActiveCfg = VSDebug|Win32
		{09B8DA6D-7AFA-4364-8FC3-4F11DE91965F}.VSDebug|Win32.Build.0 = VSDebug|Win32
		{F444C7D9-26E0-49F7-AE7C-0FECAB6182DF}.Release|Win32.ActiveCfg = Release|Win32
		{F444C7D9-26E0-49F7-AE7C-0FECAB6182DF}.Release|Win32.Build.0 = Release|Win32
		{F444C7D9-26E0-49F7-AE7C-0FECAB6182DF}.VSDebug|Win32.ActiveCfg = VSDebug|Win32
		{F444C7D9-26E0-49F7-AE7C-0FECAB6182DF}.VSDebug|Win32.Build.0 = VSDebug|Win32
		{59FA0B65-C738-49EC-BD65-963C4DEFEDE2}.Release|Win32.ActiveCfg = Release|Win32
		{59FA0B65-C738-49EC-BD65-963C4DEFEDE2}.Release|Win32.Build.0 = Release|Win32
		{59FA0B65-C738-49EC-BD65-963C4DEFEDE2}.VSDebug|Win32.ActiveCfg = VSDebug|Win32
		{59FA0B65-C738-49EC-BD65-963C4DEFEDE2}.VSDebug|Win32.Build.0 = VSDebug|Win32
		{F6598387-B641-4A8B-93F2-BAD69F77D440}.Release|Win32.ActiveCfg = Release|Win32
		{F6598387-B641-4A8B-93F2-BAD69F77D440}.Release|Win32.Build.0 = Release|Win32
		{F6598387-B641-4A8B-93F2-BAD69F77D440}.VSDebug|Win32.ActiveCfg = VSDebug|Win32
		{F6598387-B641-4A8B-93F2-BAD69F77D440}.VSDebug|Win32.Build.0 = VSDebug|Win32
	EndGlobalSection
	GlobalSection(SolutionProperties) = preSolution
		HideSolutionNode = FALSE
	EndGlobalSection
EndGlobal
